
Microsoft Visual Studio Solution File, Format Version 12.00
# Visual Studio Version 17
VisualStudioVersion = 17.0.32112.339
MinimumVisualStudioVersion = 10.0.40219.1
Project("{8BC9CEB8-8B4A-11D0-8D11-00A0C91BC942}") = "pointers", "pointers\pointers.vcxproj", "{6356C19F-3B4B-42A8-8C39-90B8EAB0067C}"
EndProject
Global
	GlobalSection(SolutionConfigurationPlatforms) = preSolution
		Debug|x64 = Debug|x64
		Debug|x86 = Debug|x86
		Release|x64 = Release|x64
		Release|x86 = Release|x86
	EndGlobalSection
	GlobalSection(ProjectConfigurationPlatforms) = postSolution
		{6356C19F-3B4B-42A8-8C39-90B8EAB0067C}.Debug|x64.ActiveCfg = Debug|x64
		{6356C19F-3B4B-42A8-8C39-90B8EAB0067C}.Debug|x64.Build.0 = Debug|x64
		{6356C19F-3B4B-42A8-8C39-90B8EAB0067C}.Debug|x86.ActiveCfg = Debug|Win32
		{6356C19F-3B4B-42A8-8C39-90B8EAB0067C}.Debug|x86.Build.0 = Debug|Win32
		{6356C19F-3B4B-42A8-8C39-90B8EAB0067C}.Release|x64.ActiveCfg = Release|x64
		{6356C19F-3B4B-42A8-8C39-90B8EAB0067C}.Release|x64.Build.0 = Release|x64
		{6356C19F-3B4B-42A8-8C39-90B8EAB0067C}.Release|x86.ActiveCfg = Release|Win32
		{6356C19F-3B4B-42A8-8C39-90B8EAB0067C}.Release|x86.Build.0 = Release|Win32
	EndGlobalSection
	GlobalSection(SolutionProperties) = preSolution
		HideSolutionNode = FALSE
	EndGlobalSection
	GlobalSection(ExtensibilityGlobals) = postSolution
		SolutionGuid = {A472518D-D8DC-4002-AF8B-0C4D28C01ADF}
	EndGlobalSection
EndGlobal
